
Microsoft Visual Studio Solution File, Format Version 12.00
# Visual Studio Version 16
VisualStudioVersion = 16.0.30011.22
MinimumVisualStudioVersion = 10.0.40219.1
Project("{FAE04EC0-301F-11D3-BF4B-00C04F79EFBC}") = "ComplexNumbers", "ComplexNumbers\ComplexNumbers.csproj", "{9C07AE76-DB85-42E3-A36E-8D36BBD1516F}"
EndProject
Global
	GlobalSection(SolutionConfigurationPlatforms) = preSolution
		Debug|Any CPU = Debug|Any CPU
		Release|Any CPU = Release|Any CPU
	EndGlobalSection
	GlobalSection(ProjectConfigurationPlatforms) = postSolution
		{9C07AE76-DB85-42E3-A36E-8D36BBD1516F}.Debug|Any CPU.ActiveCfg = Debug|Any CPU
		{9C07AE76-DB85-42E3-A36E-8D36BBD1516F}.Debug|Any CPU.Build.0 = Debug|Any CPU
		{9C07AE76-DB85-42E3-A36E-8D36BBD1516F}.Release|Any CPU.ActiveCfg = Release|Any CPU
		{9C07AE76-DB85-42E3-A36E-8D36BBD1516F}.Release|Any CPU.Build.0 = Release|Any CPU
	EndGlobalSection
	GlobalSection(SolutionProperties) = preSolution
		HideSolutionNode = FALSE
	EndGlobalSection
	GlobalSection(ExtensibilityGlobals) = postSolution
		SolutionGuid = {27B2D488-0B30-49A4-9BD8-82E4F7C57337}
	EndGlobalSection
EndGlobal
